
Microsoft Visual Studio Solution File, Format Version 12.00
# Visual Studio Version 17
VisualStudioVersion = 17.7.34024.191
MinimumVisualStudioVersion = 10.0.40219.1
Project("{8BC9CEB8-8B4A-11D0-8D11-00A0C91BC942}") = "text_edit", "text_edit\text_edit.vcxproj", "{F2AF52E6-8BD6-4841-A3CF-5AE668564F85}"
EndProject
Global
	GlobalSection(SolutionConfigurationPlatforms) = preSolution
		Debug|x64 = Debug|x64
		Debug|x86 = Debug|x86
		Release|x64 = Release|x64
		Release|x86 = Release|x86
	EndGlobalSection
	GlobalSection(ProjectConfigurationPlatforms) = postSolution
		{F2AF52E6-8BD6-4841-A3CF-5AE668564F85}.Debug|x64.ActiveCfg = Debug|x64
		{F2AF52E6-8BD6-4841-A3CF-5AE668564F85}.Debug|x64.Build.0 = Debug|x64
		{F2AF52E6-8BD6-4841-A3CF-5AE668564F85}.Debug|x86.ActiveCfg = Debug|Win32
		{F2AF52E6-8BD6-4841-A3CF-5AE668564F85}.Debug|x86.Build.0 = Debug|Win32
		{F2AF52E6-8BD6-4841-A3CF-5AE668564F85}.Release|x64.ActiveCfg = Release|x64
		{F2AF52E6-8BD6-4841-A3CF-5AE668564F85}.Release|x64.Build.0 = Release|x64
		{F2AF52E6-8BD6-4841-A3CF-5AE668564F85}.Release|x86.ActiveCfg = Release|Win32
		{F2AF52E6-8BD6-4841-A3CF-5AE668564F85}.Release|x86.Build.0 = Release|Win32
	EndGlobalSection
	GlobalSection(SolutionProperties) = preSolution
		HideSolutionNode = FALSE
	EndGlobalSection
	GlobalSection(ExtensibilityGlobals) = postSolution
		SolutionGuid = {67AE8988-F1F8-4205-8341-E94C99642BA2}
	EndGlobalSection
EndGlobal
